
Microsoft Visual Studio Solution File, Format Version 12.00
# Visual Studio Version 17
VisualStudioVersion = 17.4.33213.308
MinimumVisualStudioVersion = 10.0.40219.1
Project("{FAE04EC0-301F-11D3-BF4B-00C04F79EFBC}") = "BusinessLogic", "BusinessLogic\BusinessLogic.csproj", "{40CCC6CB-032E-4CF9-BF4C-EFCF746EB996}"
EndProject
Project("{FAE04EC0-301F-11D3-BF4B-00C04F79EFBC}") = "CourseWPF", "CourseWPF\CourseWPF.csproj", "{55C057AC-A4FA-4C0E-B514-3CC258C4095C}"
EndProject
Project("{FAE04EC0-301F-11D3-BF4B-00C04F79EFBC}") = "CourseMVC", "CourseMVC\CourseMVC.csproj", "{F99ABE28-2518-4F82-A0B5-C91CFBF407B1}"
EndProject
Project("{FAE04EC0-301F-11D3-BF4B-00C04F79EFBC}") = "DataAccess", "DataAccess\DataAccess.csproj", "{F0AFADD1-F630-45E6-AF4C-0F9E9055EF48}"
EndProject
Project("{FAE04EC0-301F-11D3-BF4B-00C04F79EFBC}") = "CourseAPI", "CourseAPI\CourseAPI.csproj", "{1BF158D3-E90B-4EC1-9712-13A2E46B4B1C}"
EndProject
Global
	GlobalSection(SolutionConfigurationPlatforms) = preSolution
		Debug|Any CPU = Debug|Any CPU
		Release|Any CPU = Release|Any CPU
	EndGlobalSection
	GlobalSection(ProjectConfigurationPlatforms) = postSolution
		{40CCC6CB-032E-4CF9-BF4C-EFCF746EB996}.Debug|Any CPU.ActiveCfg = Debug|Any CPU
		{40CCC6CB-032E-4CF9-BF4C-EFCF746EB996}.Debug|Any CPU.Build.0 = Debug|Any CPU
		{40CCC6CB-032E-4CF9-BF4C-EFCF746EB996}.Release|Any CPU.ActiveCfg = Release|Any CPU
		{40CCC6CB-032E-4CF9-BF4C-EFCF746EB996}.Release|Any CPU.Build.0 = Release|Any CPU
		{55C057AC-A4FA-4C0E-B514-3CC258C4095C}.Debug|Any CPU.ActiveCfg = Debug|Any CPU
		{55C057AC-A4FA-4C0E-B514-3CC258C4095C}.Debug|Any CPU.Build.0 = Debug|Any CPU
		{55C057AC-A4FA-4C0E-B514-3CC258C4095C}.Release|Any CPU.ActiveCfg = Release|Any CPU
		{55C057AC-A4FA-4C0E-B514-3CC258C4095C}.Release|Any CPU.Build.0 = Release|Any CPU
		{F99ABE28-2518-4F82-A0B5-C91CFBF407B1}.Debug|Any CPU.ActiveCfg = Debug|Any CPU
		{F99ABE28-2518-4F82-A0B5-C91CFBF407B1}.Debug|Any CPU.Build.0 = Debug|Any CPU
		{F99ABE28-2518-4F82-A0B5-C91CFBF407B1}.Release|Any CPU.ActiveCfg = Release|Any CPU
		{F99ABE28-2518-4F82-A0B5-C91CFBF407B1}.Release|Any CPU.Build.0 = Release|Any CPU
		{F0AFADD1-F630-45E6-AF4C-0F9E9055EF48}.Debug|Any CPU.ActiveCfg = Debug|Any CPU
		{F0AFADD1-F630-45E6-AF4C-0F9E9055EF48}.Debug|Any CPU.Build.0 = Debug|Any CPU
		{F0AFADD1-F630-45E6-AF4C-0F9E9055EF48}.Release|Any CPU.ActiveCfg = Release|Any CPU
		{F0AFADD1-F630-45E6-AF4C-0F9E9055EF48}.Release|Any CPU.Build.0 = Release|Any CPU
		{1BF158D3-E90B-4EC1-9712-13A2E46B4B1C}.Debug|Any CPU.ActiveCfg = Debug|Any CPU
		{1BF158D3-E90B-4EC1-9712-13A2E46B4B1C}.Debug|Any CPU.Build.0 = Debug|Any CPU
		{1BF158D3-E90B-4EC1-9712-13A2E46B4B1C}.Release|Any CPU.ActiveCfg = Release|Any CPU
		{1BF158D3-E90B-4EC1-9712-13A2E46B4B1C}.Release|Any CPU.Build.0 = Release|Any CPU
	EndGlobalSection
	GlobalSection(SolutionProperties) = preSolution
		HideSolutionNode = FALSE
	EndGlobalSection
	GlobalSection(ExtensibilityGlobals) = postSolution
		SolutionGuid = {3A286091-AB64-414C-BB1E-BE59F4D19B5A}
	EndGlobalSection
EndGlobal
